{
  "name": "microservice",
  "lockfileVersion": 3,
  "requires": true,
  "packages": {
    "": {
      "devDependencies": {
        "@express-rate-limit/tsconfig": "^1.0.2"
      }
    },
    "node_modules/@express-rate-limit/tsconfig": {
      "version": "1.0.2",
      "resolved": "https://registry.npmjs.org/@express-rate-limit/tsconfig/-/tsconfig-1.0.2.tgz",
      "integrity": "sha512-BMSuJSe5fITRUZRLModNIXOTjVP4TcqOXO7ohW5OwtHNNGJ48HvaKH6zuqP8CjEEcbUmjheXk9rSYUF3tDu0tA==",
      "dev": true
    }
  }
}
